
Microsoft Visual Studio Solution File, Format Version 12.00
# Visual Studio 15
VisualStudioVersion = 15.0.28010.2003
MinimumVisualStudioVersion = 10.0.40219.1
Project("{FAE04EC0-301F-11D3-BF4B-00C04F79EFBC}") = "SimpleStoreSample", "SimpleStoreSample\SimpleStoreSample.csproj", "{53C477FA-1031-4BA7-9552-9309421CE06B}"
EndProject
Global
	GlobalSection(SolutionConfigurationPlatforms) = preSolution
		Debug|Any CPU = Debug|Any CPU
		Release|Any CPU = Release|Any CPU
	EndGlobalSection
	GlobalSection(ProjectConfigurationPlatforms) = postSolution
		{53C477FA-1031-4BA7-9552-9309421CE06B}.Debug|Any CPU.ActiveCfg = Debug|Any CPU
		{53C477FA-1031-4BA7-9552-9309421CE06B}.Debug|Any CPU.Build.0 = Debug|Any CPU
		{53C477FA-1031-4BA7-9552-9309421CE06B}.Release|Any CPU.ActiveCfg = Release|Any CPU
		{53C477FA-1031-4BA7-9552-9309421CE06B}.Release|Any CPU.Build.0 = Release|Any CPU
	EndGlobalSection
	GlobalSection(SolutionProperties) = preSolution
		HideSolutionNode = FALSE
	EndGlobalSection
	GlobalSection(ExtensibilityGlobals) = postSolution
		SolutionGuid = {21D9FEB5-E444-4193-8B26-EB89B9567CF6}
	EndGlobalSection
EndGlobal
